
Microsoft Visual Studio Solution File, Format Version 12.00
Project("{FAE04EC0-301F-11D3-BF4B-00C04F79EFBC}") = "MementoPattern", "MementoPattern.csproj", "{8574D847-8ACA-4D6A-AA18-978A83C355CB}"
EndProject
Global
	GlobalSection(SolutionConfigurationPlatforms) = preSolution
		Debug|Any CPU = Debug|Any CPU
		Release|Any CPU = Release|Any CPU
	EndGlobalSection
	GlobalSection(ProjectConfigurationPlatforms) = postSolution
		{8574D847-8ACA-4D6A-AA18-978A83C355CB}.Debug|Any CPU.ActiveCfg = Debug|Any CPU
		{8574D847-8ACA-4D6A-AA18-978A83C355CB}.Debug|Any CPU.Build.0 = Debug|Any CPU
		{8574D847-8ACA-4D6A-AA18-978A83C355CB}.Release|Any CPU.ActiveCfg = Release|Any CPU
		{8574D847-8ACA-4D6A-AA18-978A83C355CB}.Release|Any CPU.Build.0 = Release|Any CPU
	EndGlobalSection
EndGlobal
